
Microsoft Visual Studio Solution File, Format Version 12.00
# Visual Studio Version 16
VisualStudioVersion = 25.0.1704.4
MinimumVisualStudioVersion = 10.0.40219.1
Project("{FAE04EC0-301F-11D3-BF4B-00C04F79EFBC}") = "UnhappyMeatTester", "UnhappyMeatTester\UnhappyMeatTester.csproj", "{92EE161B-1EAB-4AC0-9813-37CA74AF9385}"
EndProject
Project("{FAE04EC0-301F-11D3-BF4B-00C04F79EFBC}") = "UnhappyMeatFactory", "UnhappyMeatFactory\UnhappyMeatFactory.csproj", "{1A2D94BB-A2CF-4632-8D84-689F4AFE6207}"
EndProject
Global
	GlobalSection(SolutionConfigurationPlatforms) = preSolution
		Debug|Any CPU = Debug|Any CPU
		Release|Any CPU = Release|Any CPU
	EndGlobalSection
	GlobalSection(ProjectConfigurationPlatforms) = postSolution
		{92EE161B-1EAB-4AC0-9813-37CA74AF9385}.Debug|Any CPU.ActiveCfg = Debug|Any CPU
		{92EE161B-1EAB-4AC0-9813-37CA74AF9385}.Debug|Any CPU.Build.0 = Debug|Any CPU
		{92EE161B-1EAB-4AC0-9813-37CA74AF9385}.Release|Any CPU.ActiveCfg = Release|Any CPU
		{92EE161B-1EAB-4AC0-9813-37CA74AF9385}.Release|Any CPU.Build.0 = Release|Any CPU
		{1A2D94BB-A2CF-4632-8D84-689F4AFE6207}.Debug|Any CPU.ActiveCfg = Debug|Any CPU
		{1A2D94BB-A2CF-4632-8D84-689F4AFE6207}.Debug|Any CPU.Build.0 = Debug|Any CPU
		{1A2D94BB-A2CF-4632-8D84-689F4AFE6207}.Release|Any CPU.ActiveCfg = Release|Any CPU
		{1A2D94BB-A2CF-4632-8D84-689F4AFE6207}.Release|Any CPU.Build.0 = Release|Any CPU
	EndGlobalSection
	GlobalSection(SolutionProperties) = preSolution
		HideSolutionNode = FALSE
	EndGlobalSection
	GlobalSection(ExtensibilityGlobals) = postSolution
		SolutionGuid = {E6F1AC82-B4DD-4D65-BD9C-ABBC97B0181E}
	EndGlobalSection
EndGlobal
